// !$*UTF8*$!
{
	archiveVersion = 1;
	classes = {
	};
	objectVersion = 50;
	objects = {

/* Begin PBXBuildFile section */
		8CED4D3022CB2FB9007AF84D /* AppDelegate.swift in Sources */ = {isa = PBXBuildFile; fileRef = 8CED4D2F22CB2FB9007AF84D /* AppDelegate.swift */; };
		8CED4D3222CB2FB9007AF84D /* ViewController.swift in Sources */ = {isa = PBXBuildFile; fileRef = 8CED4D3122CB2FB9007AF84D /* ViewController.swift */; };
		8CED4D3522CB2FB9007AF84D /* Main.storyboard in Resources */ = {isa = PBXBuildFile; fileRef = 8CED4D3322CB2FB9007AF84D /* Main.storyboard */; };
		8CED4D3722CB2FBA007AF84D /* Assets.xcassets in Resources */ = {isa = PBXBuildFile; fileRef = 8CED4D3622CB2FBA007AF84D /* Assets.xcassets */; };
		8CED4D3A22CB2FBA007AF84D /* LaunchScreen.storyboard in Resources */ = {isa = PBXBuildFile; fileRef = 8CED4D3822CB2FBA007AF84D /* LaunchScreen.storyboard */; };
		8CED4D4222CB2FFE007AF84D /* TextSphere.swift in Sources */ = {isa = PBXBuildFile; fileRef = 8CED4D4122CB2FFE007AF84D /* TextSphere.swift */; };
/* End PBXBuildFile section */

/* Begin PBXFileReference section */
		8CED4D2C22CB2FB9007AF84D /* TextSphere-Example.app */ = {isa = PBXFileReference; explicitFileType = wrapper.application; includeInIndex = 0; path = "TextSphere-Example.app"; sourceTree = BUILT_PRODUCTS_DIR; };
		8CED4D2F22CB2FB9007AF84D /* AppDelegate.swift */ = {isa = PBXFileReference; lastKnownFileType = sourcecode.swift; path = AppDelegate.swift; sourceTree = "<group>"; };
		8CED4D3122CB2FB9007AF84D /* ViewController.swift */ = {isa = PBXFileReference; lastKnownFileType = sourcecode.swift; path = ViewController.swift; sourceTree = "<group>"; };
		8CED4D3422CB2FB9007AF84D /* Base */ = {isa = PBXFileReference; lastKnownFileType = file.storyboard; name = Base; path = Base.lproj/Main.storyboard; sourceTree = "<group>"; };
		8CED4D3622CB2FBA007AF84D /* Assets.xcassets */ = {isa = PBXFileReference; lastKnownFileType = folder.assetcatalog; path = Assets.xcassets; sourceTree = "<group>"; };
		8CED4D3922CB2FBA007AF84D /* Base */ = {isa = PBXFileReference; lastKnownFileType = file.storyboard; name = Base; path = Base.lproj/LaunchScreen.storyboard; sourceTree = "<group>"; };
		8CED4D3B22CB2FBA007AF84D /* Info.plist */ = {isa = PBXFileReference; lastKnownFileType = text.plist.xml; path = Info.plist; sourceTree = "<group>"; };
		8CED4D4122CB2FFE007AF84D /* TextSphere.swift */ = {isa = PBXFileReference; fileEncoding = 4; lastKnownFileType = sourcecode.swift; name = TextSphere.swift; path = ../../TextSphere.swift; sourceTree = "<group>"; };
/* End PBXFileReference section */

/* Begin PBXFrameworksBuildPhase section */
		8CED4D2922CB2FB9007AF84D /* Frameworks */ = {
			isa = PBXFrameworksBuildPhase;
			buildActionMask = 2147483647;
			files = (
			);
			runOnlyForDeploymentPostprocessing = 0;
		};
/* End PBXFrameworksBuildPhase section */

/* Begin PBXGroup section */
		8CED4D2322CB2FB9007AF84D = {
			isa = PBXGroup;
			children = (
				8CED4D2E22CB2FB9007AF84D /* TextSphere-Example */,
				8CED4D2D22CB2FB9007AF84D /* Products */,
			);
			sourceTree = "<group>";
		};
		8CED4D2D22CB2FB9007AF84D /* Products */ = {
			isa = PBXGroup;
			children = (
				8CED4D2C22CB2FB9007AF84D /* TextSphere-Example.app */,
			);
			name = Products;
			sourceTree = "<group>";
		};
		8CED4D2E22CB2FB9007AF84D /* TextSphere-Example */ = {
			isa = PBXGroup;
			children = (
				8CED4D2F22CB2FB9007AF84D /* AppDelegate.swift */,
				8CED4D3122CB2FB9007AF84D /* ViewController.swift */,
				8CED4D3322CB2FB9007AF84D /* Main.storyboard */,
				8CED4D3622CB2FBA007AF84D /* Assets.xcassets */,
				8CED4D3822CB2FBA007AF84D /* LaunchScreen.storyboard */,
				8CED4D3B22CB2FBA007AF84D /* Info.plist */,
				8CED4D4122CB2FFE007AF84D /* TextSphere.swift */,
			);
			path = "TextSphere-Example";
			sourceTree = "<group>";
		};
/* End PBXGroup section */

/* Begin PBXNativeTarget section */
		8CED4D2B22CB2FB9007AF84D /* TextSphere-Example */ = {
			isa = PBXNativeTarget;
			buildConfigurationList = 8CED4D3E22CB2FBA007AF84D /* Build configuration list for PBXNativeTarget "TextSphere-Example" */;
			buildPhases = (
				8CED4D2822CB2FB9007AF84D /* Sources */,
				8CED4D2922CB2FB9007AF84D /* Frameworks */,
				8CED4D2A22CB2FB9007AF84D /* Resources */,
			);
			buildRules = (
			);
			dependencies = (
			);
			name = "TextSphere-Example";
			productName = "TextSphere-Example";
			productReference = 8CED4D2C22CB2FB9007AF84D /* TextSphere-Example.app */;
			productType = "com.apple.product-type.application";
		};
/* End PBXNativeTarget section */

/* Begin PBXProject section */
		8CED4D2422CB2FB9007AF84D /* Project object */ = {
			isa = PBXProject;
			attributes = {
				LastSwiftUpdateCheck = 1010;
				LastUpgradeCheck = 1010;
				ORGANIZATIONNAME = cagricolak;
				TargetAttributes = {
					8CED4D2B22CB2FB9007AF84D = {
						CreatedOnToolsVersion = 10.1;
					};
				};
			};
			buildConfigurationList = 8CED4D2722CB2FB9007AF84D /* Build configuration list for PBXProject "TextSphere-Example" */;
			compatibilityVersion = "Xcode 9.3";
			developmentRegion = en;
			hasScannedForEncodings = 0;
			knownRegions = (
				en,
				Base,
			);
			mainGroup = 8CED4D2322CB2FB9007AF84D;
			productRefGroup = 8CED4D2D22CB2FB9007AF84D /* Products */;
			projectDirPath = "";
			projectRoot = "";
			targets = (
				8CED4D2B22CB2FB9007AF84D /* TextSphere-Example */,
			);
		};
/* End PBXProject section */

/* Begin PBXResourcesBuildPhase section */
		8CED4D2A22CB2FB9007AF84D /* Resources */ = {
			isa = PBXResourcesBuildPhase;
			buildActionMask = 2147483647;
			files = (
				8CED4D3A22CB2FBA007AF84D /* LaunchScreen.storyboard in Resources */,
				8CED4D3722CB2FBA007AF84D /* Assets.xcassets in Resources */,
				8CED4D3522CB2FB9007AF84D /* Main.storyboard in Resources */,
			);
			runOnlyForDeploymentPostprocessing = 0;
		};
/* End PBXResourcesBuildPhase section */

/* Begin PBXSourcesBuildPhase section */
		8CED4D2822CB2FB9007AF84D /* Sources */ = {
			isa = PBXSourcesBuildPhase;
			buildActionMask = 2147483647;
			files = (
				8CED4D3222CB2FB9007AF84D /* ViewController.swift in Sources */,
				8CED4D3022CB2FB9007AF84D /* AppDelegate.swift in Sources */,
				8CED4D4222CB2FFE007AF84D /* TextSphere.swift in Sources */,
			);
			runOnlyForDeploymentPostprocessing = 0;
		};
/* End PBXSourcesBuildPhase section */

/* Begin PBXVariantGroup section */
		8CED4D3322CB2FB9007AF84D /* Main.storyboard */ = {
			isa = PBXVariantGroup;
			children = (
				8CED4D3422CB2FB9007AF84D /* Base */,
			);
			name = Main.storyboard;
			sourceTree = "<group>";
		};
		8CED4D3822CB2FBA007AF84D /* LaunchScreen.storyboard */ = {
			isa = PBXVariantGroup;
			children = (
				8CED4D3922CB2FBA007AF84D /* Base */,
			);
			name = LaunchScreen.storyboard;
			sourceTree = "<group>";
		};
/* End PBXVariantGroup section */

/* Begin XCBuildConfiguration section */
		8CED4D3C22CB2FBA007AF84D /* Debug */ = {
			isa = XCBuildConfiguration;
			buildSettings = {
				ALWAYS_SEARCH_USER_PATHS = NO;
				CLANG_ANALYZER_NONNULL = YES;
				CLANG_ANALYZER_NUMBER_OBJECT_CONVERSION = YES_AGGRESSIVE;
				CLANG_CXX_LANGUAGE_STANDARD = "gnu++14";
				CLANG_CXX_LIBRARY = "libc++";
				CLANG_ENABLE_MODULES = YES;
				CLANG_ENABLE_OBJC_ARC = YES;
				CLANG_ENABLE_OBJC_WEAK = YES;
				CLANG_WARN_BLOCK_CAPTURE_AUTORELEASING = YES;
				CLANG_WARN_BOOL_CONVERSION = YES;
				CLANG_WARN_COMMA = YES;
				CLANG_WARN_CONSTANT_CONVERSION = YES;
				CLANG_WARN_DEPRECATED_OBJC_IMPLEMENTATIONS = YES;
				CLANG_WARN_DIRECT_OBJC_ISA_USAGE = YES_ERROR;
				CLANG_WARN_DOCUMENTATION_COMMENTS = YES;
				CLANG_WARN_EMPTY_BODY = YES;
				CLANG_WARN_ENUM_CONVERSION = YES;
				CLANG_WARN_INFINITE_RECURSION = YES;
				CLANG_WARN_INT_CONVERSION = YES;
				CLANG_WARN_NON_LITERAL_NULL_CONVERSION = YES;
				CLANG_WARN_OBJC_IMPLICIT_RETAIN_SELF = YES;
				CLANG_WARN_OBJC_LITERAL_CONVERSION = YES;
				CLANG_WARN_OBJC_ROOT_CLASS = YES_ERROR;
				CLANG_WARN_RANGE_LOOP_ANALYSIS = YES;
				CLANG_WARN_STRICT_PROTOTYPES = YES;
				CLANG_WARN_SUSPICIOUS_MOVE = YES;
				CLANG_WARN_UNGUARDED_AVAILABILITY = YES_AGGRESSIVE;
				CLANG_WARN_UNREACHABLE_CODE = YES;
				CLANG_WARN__DUPLICATE_METHOD_MATCH = YES;
				CODE_SIGN_IDENTITY = "iPhone Developer";
				COPY_PHASE_STRIP = NO;
				DEBUG_INFORMATION_FORMAT = dwarf;
				ENABLE_STRICT_OBJC_MSGSEND = YES;
				ENABLE_TESTABILITY = YES;
				GCC_C_LANGUAGE_STANDARD = gnu11;
				GCC_DYNAMIC_NO_PIC = NO;
				GCC_NO_COMMON_BLOCKS = YES;
				GCC_OPTIMIZATION_LEVEL = 0;
				GCC_PREPROCESSOR_DEFINITIONS = (
					"DEBUG=1",
					"$(inherited)",
				);
				GCC_WARN_64_TO_32_BIT_CONVERSION = YES;
				GCC_WARN_ABOUT_RETURN_TYPE = YES_ERROR;
				GCC_WARN_UNDECLARED_SELECTOR = YES;
				GCC_WARN_UNINITIALIZED_AUTOS = YES_AGGRESSIVE;
				GCC_WARN_UNUSED_FUNCTION = YES;
				GCC_WARN_UNUSED_VARIABLE = YES;
				IPHONEOS_DEPLOYMENT_TARGET = 12.1;
				MTL_ENABLE_DEBUG_INFO = INCLUDE_SOURCE;
				MTL_FAST_MATH = YES;
				ONLY_ACTIVE_ARCH = YES;
				SDKROOT = iphoneos;
				SWIFT_ACTIVE_COMPILATION_CONDITIONS = DEBUG;
				SWIFT_OPTIMIZATION_LEVEL = "-Onone";
			};
			name = Debug;
		};
		8CED4D3D22CB2FBA007AF84D /* Release */ = {
			isa = XCBuildConfiguration;
			buildSettings = {
				ALWAYS_SEARCH_USER_PATHS = NO;
				CLANG_ANALYZER_NONNULL = YES;
				CLANG_ANALYZER_NUMBER_OBJECT_CONVERSION = YES_AGGRESSIVE;
				CLANG_CXX_LANGUAGE_STANDARD = "gnu++14";
				CLANG_CXX_LIBRARY = "libc++";
				CLANG_ENABLE_MODULES = YES;
				CLANG_ENABLE_OBJC_ARC = YES;
				CLANG_ENABLE_OBJC_WEAK = YES;
				CLANG_WARN_BLOCK_CAPTURE_AUTORELEASING = YES;
				CLANG_WARN_BOOL_CONVERSION = YES;
				CLANG_WARN_COMMA = YES;
				CLANG_WARN_CONSTANT_CONVERSION = YES;
				CLANG_WARN_DEPRECATED_OBJC_IMPLEMENTATIONS = YES;
				CLANG_WARN_DIRECT_OBJC_ISA_USAGE = YES_ERROR;
				CLANG_WARN_DOCUMENTATION_COMMENTS = YES;
				CLANG_WARN_EMPTY_BODY = YES;
				CLANG_WARN_ENUM_CONVERSION = YES;
				CLANG_WARN_INFINITE_RECURSION = YES;
				CLANG_WARN_INT_CONVERSION = YES;
				CLANG_WARN_NON_LITERAL_NULL_CONVERSION = YES;
				CLANG_WARN_OBJC_IMPLICIT_RETAIN_SELF = YES;
				CLANG_WARN_OBJC_LITERAL_CONVERSION = YES;
				CLANG_WARN_OBJC_ROOT_CLASS = YES_ERROR;
				CLANG_WARN_RANGE_LOOP_ANALYSIS = YES;
				CLANG_WARN_STRICT_PROTOTYPES = YES;
				CLANG_WARN_SUSPICIOUS_MOVE = YES;
				CLANG_WARN_UNGUARDED_AVAILABILITY = YES_AGGRESSIVE;
				CLANG_WARN_UNREACHABLE_CODE = YES;
				CLANG_WARN__DUPLICATE_METHOD_MATCH = YES;
				CODE_SIGN_IDENTITY = "iPhone Developer";
				COPY_PHASE_STRIP = NO;
				DEBUG_INFORMATION_FORMAT = "dwarf-with-dsym";
				ENABLE_NS_ASSERTIONS = NO;
				ENABLE_STRICT_OBJC_MSGSEND = YES;
				GCC_C_LANGUAGE_STANDARD = gnu11;
				GCC_NO_COMMON_BLOCKS = YES;
				GCC_WARN_64_TO_32_BIT_CONVERSION = YES;
				GCC_WARN_ABOUT_RETURN_TYPE = YES_ERROR;
				GCC_WARN_UNDECLARED_SELECTOR = YES;
				GCC_WARN_UNINITIALIZED_AUTOS = YES_AGGRESSIVE;
				GCC_WARN_UNUSED_FUNCTION = YES;
				GCC_WARN_UNUSED_VARIABLE = YES;
				IPHONEOS_DEPLOYMENT_TARGET = 12.1;
				MTL_ENABLE_DEBUG_INFO = NO;
				MTL_FAST_MATH = YES;
				SDKROOT = iphoneos;
				SWIFT_COMPILATION_MODE = wholemodule;
				SWIFT_OPTIMIZATION_LEVEL = "-O";
				VALIDATE_PRODUCT = YES;
			};
			name = Release;
		};
		8CED4D3F22CB2FBA007AF84D /* Debug */ = {
			isa = XCBuildConfiguration;
			buildSettings = {
				ASSETCATALOG_COMPILER_APPICON_NAME = AppIcon;
				CODE_SIGN_STYLE = Automatic;
				DEVELOPMENT_TEAM = GH9SC4YG9M;
				INFOPLIST_FILE = "TextSphere-Example/Info.plist";
				LD_RUNPATH_SEARCH_PATHS = (
					"$(inherited)",
					"@executable_path/Frameworks",
				);
				PRODUCT_BUNDLE_IDENTIFIER = "tr.com.cagricolak.TextSphere-Example";
				PRODUCT_NAME = "$(TARGET_NAME)";
				SWIFT_VERSION = 4.2;
				TARGETED_DEVICE_FAMILY = "1,2";
			};
			name = Debug;
		};
		8CED4D4022CB2FBA007AF84D /* Release */ = {
			isa = XCBuildConfiguration;
			buildSettings = {
				ASSETCATALOG_COMPILER_APPICON_NAME = AppIcon;
				CODE_SIGN_STYLE = Automatic;
				DEVELOPMENT_TEAM = GH9SC4YG9M;
				INFOPLIST_FILE = "TextSphere-Example/Info.plist";
				LD_RUNPATH_SEARCH_PATHS = (
					"$(inherited)",
					"@executable_path/Frameworks",
				);
				PRODUCT_BUNDLE_IDENTIFIER = "tr.com.cagricolak.TextSphere-Example";
				PRODUCT_NAME = "$(TARGET_NAME)";
				SWIFT_VERSION = 4.2;
				TARGETED_DEVICE_FAMILY = "1,2";
			};
			name = Release;
		};
/* End XCBuildConfiguration section */

/* Begin XCConfigurationList section */
		8CED4D2722CB2FB9007AF84D /* Build configuration list for PBXProject "TextSphere-Example" */ = {
			isa = XCConfigurationList;
			buildConfigurations = (
				8CED4D3C22CB2FBA007AF84D /* Debug */,
				8CED4D3D22CB2FBA007AF84D /* Release */,
			);
			defaultConfigurationIsVisible = 0;
			defaultConfigurationName = Release;
		};
		8CED4D3E22CB2FBA007AF84D /* Build configuration list for PBXNativeTarget "TextSphere-Example" */ = {
			isa = XCConfigurationList;
			buildConfigurations = (
				8CED4D3F22CB2FBA007AF84D /* Debug */,
				8CED4D4022CB2FBA007AF84D /* Release */,
			);
			defaultConfigurationIsVisible = 0;
			defaultConfigurationName = Release;
		};
/* End XCConfigurationList section */
	};
	rootObject = 8CED4D2422CB2FB9007AF84D /* Project object */;
}
